
Microsoft Visual Studio Solution File, Format Version 12.00
# Visual Studio 2012
Project("{FAE04EC0-301F-11D3-BF4B-00C04F79EFBC}") = "CAESGenome", "CAESGenome\CAESGenome.csproj", "{338A3589-5583-44CD-9F55-A2D5ED35DE44}"
EndProject
Project("{FAE04EC0-301F-11D3-BF4B-00C04F79EFBC}") = "CAESGenome.Core", "CAESGenome.Core\CAESGenome.Core.csproj", "{A7C9E4D0-3AB0-40CE-A28C-0DDC69B0B78A}"
EndProject
Project("{00D1A9C2-B5F0-4AF3-8072-F6C62B433612}") = "CAESGenome.Db", "CAESGenome.Db\CAESGenome.Db.sqlproj", "{37DB2570-E229-421D-9952-D29FAC8888B8}"
EndProject
Project("{FAE04EC0-301F-11D3-BF4B-00C04F79EFBC}") = "CAESGenome.Transfer", "CAESGenome.Transfer\CAESGenome.Transfer.csproj", "{28346F59-3100-4584-8166-001DC56BD10E}"
EndProject
Project("{FAE04EC0-301F-11D3-BF4B-00C04F79EFBC}") = "CAESGenome.Console", "CAESGenome.Console\CAESGenome.Console.csproj", "{52C8780A-15D1-4798-B516-212AF7B8791F}"
EndProject
Project("{2150E333-8FDC-42A3-9474-1A3956D46DE8}") = ".nuget", ".nuget", "{B82D14BB-C869-468D-BC49-85995F5EB362}"
	ProjectSection(SolutionItems) = preProject
		.nuget\NuGet.Config = .nuget\NuGet.Config
		.nuget\NuGet.exe = .nuget\NuGet.exe
		.nuget\NuGet.targets = .nuget\NuGet.targets
	EndProjectSection
EndProject
Global
	GlobalSection(SolutionConfigurationPlatforms) = preSolution
		Debug|Any CPU = Debug|Any CPU
		Release|Any CPU = Release|Any CPU
		Test|Any CPU = Test|Any CPU
	EndGlobalSection
	GlobalSection(ProjectConfigurationPlatforms) = postSolution
		{338A3589-5583-44CD-9F55-A2D5ED35DE44}.Debug|Any CPU.ActiveCfg = Debug|Any CPU
		{338A3589-5583-44CD-9F55-A2D5ED35DE44}.Debug|Any CPU.Build.0 = Debug|Any CPU
		{338A3589-5583-44CD-9F55-A2D5ED35DE44}.Release|Any CPU.ActiveCfg = Release|Any CPU
		{338A3589-5583-44CD-9F55-A2D5ED35DE44}.Release|Any CPU.Build.0 = Release|Any CPU
		{338A3589-5583-44CD-9F55-A2D5ED35DE44}.Test|Any CPU.ActiveCfg = Test|Any CPU
		{338A3589-5583-44CD-9F55-A2D5ED35DE44}.Test|Any CPU.Build.0 = Test|Any CPU
		{A7C9E4D0-3AB0-40CE-A28C-0DDC69B0B78A}.Debug|Any CPU.ActiveCfg = Debug|Any CPU
		{A7C9E4D0-3AB0-40CE-A28C-0DDC69B0B78A}.Debug|Any CPU.Build.0 = Debug|Any CPU
		{A7C9E4D0-3AB0-40CE-A28C-0DDC69B0B78A}.Release|Any CPU.ActiveCfg = Release|Any CPU
		{A7C9E4D0-3AB0-40CE-A28C-0DDC69B0B78A}.Release|Any CPU.Build.0 = Release|Any CPU
		{A7C9E4D0-3AB0-40CE-A28C-0DDC69B0B78A}.Test|Any CPU.ActiveCfg = Test|Any CPU
		{A7C9E4D0-3AB0-40CE-A28C-0DDC69B0B78A}.Test|Any CPU.Build.0 = Test|Any CPU
		{37DB2570-E229-421D-9952-D29FAC8888B8}.Debug|Any CPU.ActiveCfg = Debug|Any CPU
		{37DB2570-E229-421D-9952-D29FAC8888B8}.Debug|Any CPU.Build.0 = Debug|Any CPU
		{37DB2570-E229-421D-9952-D29FAC8888B8}.Release|Any CPU.ActiveCfg = Release|Any CPU
		{37DB2570-E229-421D-9952-D29FAC8888B8}.Release|Any CPU.Build.0 = Release|Any CPU
		{37DB2570-E229-421D-9952-D29FAC8888B8}.Release|Any CPU.Deploy.0 = Release|Any CPU
		{37DB2570-E229-421D-9952-D29FAC8888B8}.Test|Any CPU.ActiveCfg = Test|Any CPU
		{37DB2570-E229-421D-9952-D29FAC8888B8}.Test|Any CPU.Build.0 = Test|Any CPU
		{28346F59-3100-4584-8166-001DC56BD10E}.Debug|Any CPU.ActiveCfg = Debug|Any CPU
		{28346F59-3100-4584-8166-001DC56BD10E}.Release|Any CPU.ActiveCfg = Release|Any CPU
		{28346F59-3100-4584-8166-001DC56BD10E}.Release|Any CPU.Build.0 = Release|Any CPU
		{28346F59-3100-4584-8166-001DC56BD10E}.Test|Any CPU.ActiveCfg = Test|Any CPU
		{28346F59-3100-4584-8166-001DC56BD10E}.Test|Any CPU.Build.0 = Test|Any CPU
		{52C8780A-15D1-4798-B516-212AF7B8791F}.Debug|Any CPU.ActiveCfg = Debug|Any CPU
		{52C8780A-15D1-4798-B516-212AF7B8791F}.Release|Any CPU.ActiveCfg = Release|Any CPU
		{52C8780A-15D1-4798-B516-212AF7B8791F}.Release|Any CPU.Build.0 = Release|Any CPU
		{52C8780A-15D1-4798-B516-212AF7B8791F}.Test|Any CPU.ActiveCfg = Release|Any CPU
		{52C8780A-15D1-4798-B516-212AF7B8791F}.Test|Any CPU.Build.0 = Release|Any CPU
	EndGlobalSection
	GlobalSection(SolutionProperties) = preSolution
		HideSolutionNode = FALSE
	EndGlobalSection
EndGlobal
